Microsoft Visual Studio Solution File, Format Version 12.00
# Visual Studio 15
VisualStudioVersion = 15.0.27130.2026
MinimumVisualStudioVersion = 10.0.40219.1
Project("{FAE04EC0-301F-11D3-BF4B-00C04F79EFBC}") = "AutoIt.OSD.Background", "AutoIt.OSD.Background\AutoIt.OSD.Background.csproj", "{E764D3F0-CDCB-4773-B00F-A3187C67D447}"
EndProject
Global
	GlobalSection(SolutionConfigurationPlatforms) = preSolution
		Debug|Any CPU = Debug|Any CPU
		Release|Any CPU = Release|Any CPU
	EndGlobalSection
	GlobalSection(ProjectConfigurationPlatforms) = postSolution
		{E764D3F0-CDCB-4773-B00F-A3187C67D447}.Debug|Any CPU.ActiveCfg = Debug|Any CPU
		{E764D3F0-CDCB-4773-B00F-A3187C67D447}.Debug|Any CPU.Build.0 = Debug|Any CPU
		{E764D3F0-CDCB-4773-B00F-A3187C67D447}.Release|Any CPU.ActiveCfg = Release|Any CPU
		{E764D3F0-CDCB-4773-B00F-A3187C67D447}.Release|Any CPU.Build.0 = Release|Any CPU
	EndGlobalSection
	GlobalSection(SolutionProperties) = preSolution
		HideSolutionNode = FALSE
	EndGlobalSection
EndGlobal
